
Microsoft Visual Studio Solution File, Format Version 12.00
Project("{2150E333-8FDC-42A3-9474-1A3956D46DE8}") = "src", "src", "{54946223-602C-4B1F-A91C-2BA420472594}"
EndProject
Project("{2150E333-8FDC-42A3-9474-1A3956D46DE8}") = "Services", "Services", "{F5792BB8-FAA0-4BB8-80AE-B9BA67B75EAA}"
EndProject
Project("{2150E333-8FDC-42A3-9474-1A3956D46DE8}") = "API", "API", "{A3855CB7-3949-4F24-8A49-C87FC7949DC9}"
EndProject
Project("{2150E333-8FDC-42A3-9474-1A3956D46DE8}") = "Identity", "Identity", "{41BFD715-D66B-44A1-B9FE-802F34C4C46D}"
EndProject
Project("{2150E333-8FDC-42A3-9474-1A3956D46DE8}") = "Application", "Application", "{CE694CD8-EF00-4150-8AB2-2F2B7DAF1F92}"
EndProject
Project("{2150E333-8FDC-42A3-9474-1A3956D46DE8}") = "Department", "Department", "{9C9B3E5A-EA29-43D1-9B8C-03006D70C5D0}"
EndProject
Project("{2150E333-8FDC-42A3-9474-1A3956D46DE8}") = "Enterprise", "Enterprise", "{2F81ED08-482E-43D6-93D5-9D3E851B7BFF}"
EndProject
Project("{2150E333-8FDC-42A3-9474-1A3956D46DE8}") = "Project", "Project", "{83747BA9-FC1D-4195-BEBB-774068B5AA3F}"
EndProject
Project("{2150E333-8FDC-42A3-9474-1A3956D46DE8}") = "TaskTracking", "TaskTracking", "{31435335-EB3E-4BE0-AB15-74A56B49603B}"
EndProject
Project("{2150E333-8FDC-42A3-9474-1A3956D46DE8}") = "User", "User", "{6DB532D2-2CF6-46E6-BE7D-52AB76737B1F}"
EndProject
Project("{FAE04EC0-301F-11D3-BF4B-00C04F79EFBC}") = "Application", "src\Services\API\Application\Application\Application.csproj", "{803084E7-1EAA-448A-9A09-1F6B20513C75}"
EndProject
Project("{FAE04EC0-301F-11D3-BF4B-00C04F79EFBC}") = "DataAccess", "src\Services\API\Application\DataAccess\DataAccess.csproj", "{DA0B4035-B8AE-402C-BAE5-A77E72A6A3E5}"
EndProject
Project("{FAE04EC0-301F-11D3-BF4B-00C04F79EFBC}") = "Web", "src\Services\API\Application\Web\Web.csproj", "{D8D29C1A-214B-4A0B-895E-13DBEA1D9FFA}"
EndProject
Project("{FAE04EC0-301F-11D3-BF4B-00C04F79EFBC}") = "DepartmentService.API", "src\Services\API\Department\DepartmentService.API\DepartmentService.API.csproj", "{B17A7943-73F3-49AD-AD59-F70198DFE966}"
EndProject
Project("{FAE04EC0-301F-11D3-BF4B-00C04F79EFBC}") = "DepartmentService.Contract", "src\Services\API\Department\DepartmentService.Contract\DepartmentService.Contract.csproj", "{7B68BE97-3DAC-4D13-9931-E8A6D5D17AAA}"
EndProject
Project("{FAE04EC0-301F-11D3-BF4B-00C04F79EFBC}") = "EnterpriseService.API", "src\Services\API\Enterprise\EnterpriseService.API\EnterpriseService.API.csproj", "{3F98CDF2-BDA0-4116-9EF4-56055032771E}"
EndProject
Project("{FAE04EC0-301F-11D3-BF4B-00C04F79EFBC}") = "EnterpriseService.Contract", "src\Services\API\Enterprise\EnterpriseService.Contract\EnterpriseService.Contract.csproj", "{1BAE0674-DF92-4937-8D36-B7E3AB8003B5}"
EndProject
Project("{FAE04EC0-301F-11D3-BF4B-00C04F79EFBC}") = "ProjectService.API", "src\Services\API\Project\ProjectService.API\ProjectService.API.csproj", "{657FC7AE-92BC-4F63-80AB-7399DCE9644D}"
EndProject
Project("{FAE04EC0-301F-11D3-BF4B-00C04F79EFBC}") = "ProjectService.Contract", "src\Services\API\Project\ProjectService.Contract\ProjectService.Contract.csproj", "{A05528FD-773F-4B6E-BFAD-C47E9E3CFC9E}"
EndProject
Project("{FAE04EC0-301F-11D3-BF4B-00C04F79EFBC}") = "TaskTrackingService.API", "src\Services\API\TaskTracking\TaskTrackingService.API\TaskTrackingService.API.csproj", "{F190C293-8D62-47C6-AA0B-B7608939222F}"
EndProject
Project("{FAE04EC0-301F-11D3-BF4B-00C04F79EFBC}") = "TaskTrackingService.Contract", "src\Services\API\TaskTracking\TaskTrackingService.Contract\TaskTrackingService.Contract.csproj", "{DA9F2450-A362-40FE-A8E4-29D742AE7BEA}"
EndProject
Project("{FAE04EC0-301F-11D3-BF4B-00C04F79EFBC}") = "UserService.API", "src\Services\API\User\UserService.API\UserService.API.csproj", "{E42F661B-3415-4404-BA4E-24F5832B4F15}"
EndProject
Project("{FAE04EC0-301F-11D3-BF4B-00C04F79EFBC}") = "UserService.Contract", "src\Services\API\User\UserService.Contract\UserService.Contract.csproj", "{3DA5CE34-A6D8-4ED1-945B-32BA32483E8F}"
EndProject
Project("{FAE04EC0-301F-11D3-BF4B-00C04F79EFBC}") = "Identity", "src\Services\Identity\Identity\Identity.csproj", "{4F83B7A5-7BB2-4784-A29B-4FD51136DAFC}"
EndProject
Project("{FAE04EC0-301F-11D3-BF4B-00C04F79EFBC}") = "Identity.DataAccess", "src\Services\Identity\Identity.DataAccess\Identity.DataAccess.csproj", "{E4DD376B-BFDF-4310-A1D1-BDC18F7A30D8}"
EndProject
Global
	GlobalSection(SolutionConfigurationPlatforms) = preSolution
		Debug|Any CPU = Debug|Any CPU
		Release|Any CPU = Release|Any CPU
	EndGlobalSection
	GlobalSection(ProjectConfigurationPlatforms) = postSolution
		{40BE471A-B792-4FFA-850B-2D7A36B503C7}.Debug|Any CPU.ActiveCfg = Debug|Any CPU
		{40BE471A-B792-4FFA-850B-2D7A36B503C7}.Debug|Any CPU.Build.0 = Debug|Any CPU
		{40BE471A-B792-4FFA-850B-2D7A36B503C7}.Release|Any CPU.ActiveCfg = Release|Any CPU
		{40BE471A-B792-4FFA-850B-2D7A36B503C7}.Release|Any CPU.Build.0 = Release|Any CPU
		{803084E7-1EAA-448A-9A09-1F6B20513C75}.Debug|Any CPU.ActiveCfg = Debug|Any CPU
		{803084E7-1EAA-448A-9A09-1F6B20513C75}.Debug|Any CPU.Build.0 = Debug|Any CPU
		{803084E7-1EAA-448A-9A09-1F6B20513C75}.Release|Any CPU.ActiveCfg = Release|Any CPU
		{803084E7-1EAA-448A-9A09-1F6B20513C75}.Release|Any CPU.Build.0 = Release|Any CPU
		{DA0B4035-B8AE-402C-BAE5-A77E72A6A3E5}.Debug|Any CPU.ActiveCfg = Debug|Any CPU
		{DA0B4035-B8AE-402C-BAE5-A77E72A6A3E5}.Debug|Any CPU.Build.0 = Debug|Any CPU
		{DA0B4035-B8AE-402C-BAE5-A77E72A6A3E5}.Release|Any CPU.ActiveCfg = Release|Any CPU
		{DA0B4035-B8AE-402C-BAE5-A77E72A6A3E5}.Release|Any CPU.Build.0 = Release|Any CPU
		{D8D29C1A-214B-4A0B-895E-13DBEA1D9FFA}.Debug|Any CPU.ActiveCfg = Debug|Any CPU
		{D8D29C1A-214B-4A0B-895E-13DBEA1D9FFA}.Debug|Any CPU.Build.0 = Debug|Any CPU
		{D8D29C1A-214B-4A0B-895E-13DBEA1D9FFA}.Release|Any CPU.ActiveCfg = Release|Any CPU
		{D8D29C1A-214B-4A0B-895E-13DBEA1D9FFA}.Release|Any CPU.Build.0 = Release|Any CPU
		{B17A7943-73F3-49AD-AD59-F70198DFE966}.Debug|Any CPU.ActiveCfg = Debug|Any CPU
		{B17A7943-73F3-49AD-AD59-F70198DFE966}.Debug|Any CPU.Build.0 = Debug|Any CPU
		{B17A7943-73F3-49AD-AD59-F70198DFE966}.Release|Any CPU.ActiveCfg = Release|Any CPU
		{B17A7943-73F3-49AD-AD59-F70198DFE966}.Release|Any CPU.Build.0 = Release|Any CPU
		{7B68BE97-3DAC-4D13-9931-E8A6D5D17AAA}.Debug|Any CPU.ActiveCfg = Debug|Any CPU
		{7B68BE97-3DAC-4D13-9931-E8A6D5D17AAA}.Debug|Any CPU.Build.0 = Debug|Any CPU
		{7B68BE97-3DAC-4D13-9931-E8A6D5D17AAA}.Release|Any CPU.ActiveCfg = Release|Any CPU
		{7B68BE97-3DAC-4D13-9931-E8A6D5D17AAA}.Release|Any CPU.Build.0 = Release|Any CPU
		{3F98CDF2-BDA0-4116-9EF4-56055032771E}.Debug|Any CPU.ActiveCfg = Debug|Any CPU
		{3F98CDF2-BDA0-4116-9EF4-56055032771E}.Debug|Any CPU.Build.0 = Debug|Any CPU
		{3F98CDF2-BDA0-4116-9EF4-56055032771E}.Release|Any CPU.ActiveCfg = Release|Any CPU
		{3F98CDF2-BDA0-4116-9EF4-56055032771E}.Release|Any CPU.Build.0 = Release|Any CPU
		{1BAE0674-DF92-4937-8D36-B7E3AB8003B5}.Debug|Any CPU.ActiveCfg = Debug|Any CPU
		{1BAE0674-DF92-4937-8D36-B7E3AB8003B5}.Debug|Any CPU.Build.0 = Debug|Any CPU
		{1BAE0674-DF92-4937-8D36-B7E3AB8003B5}.Release|Any CPU.ActiveCfg = Release|Any CPU
		{1BAE0674-DF92-4937-8D36-B7E3AB8003B5}.Release|Any CPU.Build.0 = Release|Any CPU
		{657FC7AE-92BC-4F63-80AB-7399DCE9644D}.Debug|Any CPU.ActiveCfg = Debug|Any CPU
		{657FC7AE-92BC-4F63-80AB-7399DCE9644D}.Debug|Any CPU.Build.0 = Debug|Any CPU
		{657FC7AE-92BC-4F63-80AB-7399DCE9644D}.Release|Any CPU.ActiveCfg = Release|Any CPU
		{657FC7AE-92BC-4F63-80AB-7399DCE9644D}.Release|Any CPU.Build.0 = Release|Any CPU
		{A05528FD-773F-4B6E-BFAD-C47E9E3CFC9E}.Debug|Any CPU.ActiveCfg = Debug|Any CPU
		{A05528FD-773F-4B6E-BFAD-C47E9E3CFC9E}.Debug|Any CPU.Build.0 = Debug|Any CPU
		{A05528FD-773F-4B6E-BFAD-C47E9E3CFC9E}.Release|Any CPU.ActiveCfg = Release|Any CPU
		{A05528FD-773F-4B6E-BFAD-C47E9E3CFC9E}.Release|Any CPU.Build.0 = Release|Any CPU
		{F190C293-8D62-47C6-AA0B-B7608939222F}.Debug|Any CPU.ActiveCfg = Debug|Any CPU
		{F190C293-8D62-47C6-AA0B-B7608939222F}.Debug|Any CPU.Build.0 = Debug|Any CPU
		{F190C293-8D62-47C6-AA0B-B7608939222F}.Release|Any CPU.ActiveCfg = Release|Any CPU
		{F190C293-8D62-47C6-AA0B-B7608939222F}.Release|Any CPU.Build.0 = Release|Any CPU
		{DA9F2450-A362-40FE-A8E4-29D742AE7BEA}.Debug|Any CPU.ActiveCfg = Debug|Any CPU
		{DA9F2450-A362-40FE-A8E4-29D742AE7BEA}.Debug|Any CPU.Build.0 = Debug|Any CPU
		{DA9F2450-A362-40FE-A8E4-29D742AE7BEA}.Release|Any CPU.ActiveCfg = Release|Any CPU
		{DA9F2450-A362-40FE-A8E4-29D742AE7BEA}.Release|Any CPU.Build.0 = Release|Any CPU
		{E42F661B-3415-4404-BA4E-24F5832B4F15}.Debug|Any CPU.ActiveCfg = Debug|Any CPU
		{E42F661B-3415-4404-BA4E-24F5832B4F15}.Debug|Any CPU.Build.0 = Debug|Any CPU
		{E42F661B-3415-4404-BA4E-24F5832B4F15}.Release|Any CPU.ActiveCfg = Release|Any CPU
		{E42F661B-3415-4404-BA4E-24F5832B4F15}.Release|Any CPU.Build.0 = Release|Any CPU
		{3DA5CE34-A6D8-4ED1-945B-32BA32483E8F}.Debug|Any CPU.ActiveCfg = Debug|Any CPU
		{3DA5CE34-A6D8-4ED1-945B-32BA32483E8F}.Debug|Any CPU.Build.0 = Debug|Any CPU
		{3DA5CE34-A6D8-4ED1-945B-32BA32483E8F}.Release|Any CPU.ActiveCfg = Release|Any CPU
		{3DA5CE34-A6D8-4ED1-945B-32BA32483E8F}.Release|Any CPU.Build.0 = Release|Any CPU
		{4F83B7A5-7BB2-4784-A29B-4FD51136DAFC}.Debug|Any CPU.ActiveCfg = Debug|Any CPU
		{4F83B7A5-7BB2-4784-A29B-4FD51136DAFC}.Debug|Any CPU.Build.0 = Debug|Any CPU
		{4F83B7A5-7BB2-4784-A29B-4FD51136DAFC}.Release|Any CPU.ActiveCfg = Release|Any CPU
		{4F83B7A5-7BB2-4784-A29B-4FD51136DAFC}.Release|Any CPU.Build.0 = Release|Any CPU
		{E4DD376B-BFDF-4310-A1D1-BDC18F7A30D8}.Debug|Any CPU.ActiveCfg = Debug|Any CPU
		{E4DD376B-BFDF-4310-A1D1-BDC18F7A30D8}.Debug|Any CPU.Build.0 = Debug|Any CPU
		{E4DD376B-BFDF-4310-A1D1-BDC18F7A30D8}.Release|Any CPU.ActiveCfg = Release|Any CPU
		{E4DD376B-BFDF-4310-A1D1-BDC18F7A30D8}.Release|Any CPU.Build.0 = Release|Any CPU
	EndGlobalSection
	GlobalSection(NestedProjects) = preSolution
		{F5792BB8-FAA0-4BB8-80AE-B9BA67B75EAA} = {54946223-602C-4B1F-A91C-2BA420472594}
		{A3855CB7-3949-4F24-8A49-C87FC7949DC9} = {F5792BB8-FAA0-4BB8-80AE-B9BA67B75EAA}
		{41BFD715-D66B-44A1-B9FE-802F34C4C46D} = {F5792BB8-FAA0-4BB8-80AE-B9BA67B75EAA}
		{CE694CD8-EF00-4150-8AB2-2F2B7DAF1F92} = {A3855CB7-3949-4F24-8A49-C87FC7949DC9}
		{9C9B3E5A-EA29-43D1-9B8C-03006D70C5D0} = {A3855CB7-3949-4F24-8A49-C87FC7949DC9}
		{2F81ED08-482E-43D6-93D5-9D3E851B7BFF} = {A3855CB7-3949-4F24-8A49-C87FC7949DC9}
		{83747BA9-FC1D-4195-BEBB-774068B5AA3F} = {A3855CB7-3949-4F24-8A49-C87FC7949DC9}
		{31435335-EB3E-4BE0-AB15-74A56B49603B} = {A3855CB7-3949-4F24-8A49-C87FC7949DC9}
		{6DB532D2-2CF6-46E6-BE7D-52AB76737B1F} = {A3855CB7-3949-4F24-8A49-C87FC7949DC9}
		{803084E7-1EAA-448A-9A09-1F6B20513C75} = {CE694CD8-EF00-4150-8AB2-2F2B7DAF1F92}
		{DA0B4035-B8AE-402C-BAE5-A77E72A6A3E5} = {CE694CD8-EF00-4150-8AB2-2F2B7DAF1F92}
		{D8D29C1A-214B-4A0B-895E-13DBEA1D9FFA} = {CE694CD8-EF00-4150-8AB2-2F2B7DAF1F92}
		{B17A7943-73F3-49AD-AD59-F70198DFE966} = {9C9B3E5A-EA29-43D1-9B8C-03006D70C5D0}
		{7B68BE97-3DAC-4D13-9931-E8A6D5D17AAA} = {9C9B3E5A-EA29-43D1-9B8C-03006D70C5D0}
		{3F98CDF2-BDA0-4116-9EF4-56055032771E} = {2F81ED08-482E-43D6-93D5-9D3E851B7BFF}
		{1BAE0674-DF92-4937-8D36-B7E3AB8003B5} = {2F81ED08-482E-43D6-93D5-9D3E851B7BFF}
		{657FC7AE-92BC-4F63-80AB-7399DCE9644D} = {83747BA9-FC1D-4195-BEBB-774068B5AA3F}
		{A05528FD-773F-4B6E-BFAD-C47E9E3CFC9E} = {83747BA9-FC1D-4195-BEBB-774068B5AA3F}
		{F190C293-8D62-47C6-AA0B-B7608939222F} = {31435335-EB3E-4BE0-AB15-74A56B49603B}
		{DA9F2450-A362-40FE-A8E4-29D742AE7BEA} = {31435335-EB3E-4BE0-AB15-74A56B49603B}
		{E42F661B-3415-4404-BA4E-24F5832B4F15} = {6DB532D2-2CF6-46E6-BE7D-52AB76737B1F}
		{3DA5CE34-A6D8-4ED1-945B-32BA32483E8F} = {6DB532D2-2CF6-46E6-BE7D-52AB76737B1F}
		{4F83B7A5-7BB2-4784-A29B-4FD51136DAFC} = {41BFD715-D66B-44A1-B9FE-802F34C4C46D}
		{E4DD376B-BFDF-4310-A1D1-BDC18F7A30D8} = {41BFD715-D66B-44A1-B9FE-802F34C4C46D}
	EndGlobalSection
EndGlobal
