
Microsoft Visual Studio Solution File, Format Version 12.00
Project("{2150E333-8FDC-42A3-9474-1A3956D46DE8}") = "src", "src", "{1B0E506B-5C5D-4543-844B-29567704E24B}"
EndProject
Project("{2150E333-8FDC-42A3-9474-1A3956D46DE8}") = "config", "config", "{D336EBAD-D228-4D89-B5CB-9B1F3AD5E131}"
	ProjectSection(SolutionItems) = preProject
		.gitignore = .gitignore
		README.md = README.md
	EndProjectSection
EndProject
Project("{2150E333-8FDC-42A3-9474-1A3956D46DE8}") = "identity", "identity", "{B1D2BB8D-0700-4D8B-80DF-713EFD34ED9C}"
EndProject
Project("{2150E333-8FDC-42A3-9474-1A3956D46DE8}") = "enterprise-service", "enterprise-service", "{9C050990-9F35-40F4-B964-2DB157344C63}"
EndProject
Project("{2150E333-8FDC-42A3-9474-1A3956D46DE8}") = "department-service", "department-service", "{CEF5C24D-870D-49E0-8C01-E6B81ACA5FEC}"
EndProject
Project("{2150E333-8FDC-42A3-9474-1A3956D46DE8}") = "project-service", "project-service", "{F096DD0D-E699-489A-947E-726DD3F37CC0}"
EndProject
Project("{2150E333-8FDC-42A3-9474-1A3956D46DE8}") = "task-tracking-service", "task-tracking-service", "{81818BF6-673E-4EB3-B817-130ECE540078}"
EndProject
Project("{2150E333-8FDC-42A3-9474-1A3956D46DE8}") = "user-service", "user-service", "{EA41436F-9A1E-4910-A0F3-4261A1B466E0}"
EndProject
Project("{FAE04EC0-301F-11D3-BF4B-00C04F79EFBC}") = "EnterpriseAssistant.Application", "src\EnterpriseAssistant.Application\EnterpriseAssistant.Application.csproj", "{5570A8A2-BBB1-42A5-8A04-C5B198B04B09}"
EndProject
Project("{FAE04EC0-301F-11D3-BF4B-00C04F79EFBC}") = "EnterpriseAssistant.DataAccess", "src\EnterpriseAssistant.DataAccess\EnterpriseAssistant.DataAccess.csproj", "{932C59AE-4B94-4C3A-B51E-12C2817C3F13}"
EndProject
Project("{FAE04EC0-301F-11D3-BF4B-00C04F79EFBC}") = "EnterpriseAssistant.Web", "src\EnterpriseAssistant.Web\EnterpriseAssistant.Web.csproj", "{3243A77F-2C36-4A7B-8E56-E90934B0EB55}"
EndProject
Project("{FAE04EC0-301F-11D3-BF4B-00C04F79EFBC}") = "DepartmentService.API", "src\department-service\DepartmentService.API\DepartmentService.API.csproj", "{2293F0D9-1270-4694-AC57-4408A798DC8F}"
EndProject
Project("{FAE04EC0-301F-11D3-BF4B-00C04F79EFBC}") = "DepartmentService.Contract", "src\department-service\DepartmentService.Contract\DepartmentService.Contract.csproj", "{4536B21E-C84D-47BB-87B2-0804FB013D14}"
EndProject
Project("{FAE04EC0-301F-11D3-BF4B-00C04F79EFBC}") = "EnterpriseService.API", "src\enterprise-service\EnterpriseService.API\EnterpriseService.API.csproj", "{A45EDD53-45D0-4350-B208-F043D26B5A83}"
EndProject
Project("{FAE04EC0-301F-11D3-BF4B-00C04F79EFBC}") = "EnterpriseService.Contract", "src\enterprise-service\EnterpriseService.Contract\EnterpriseService.Contract.csproj", "{04B94B42-AE80-4273-BED9-43D871D647B7}"
EndProject
Project("{FAE04EC0-301F-11D3-BF4B-00C04F79EFBC}") = "EnterpriseAssistant.Identity", "src\identity\EnterpriseAssistant.Identity\EnterpriseAssistant.Identity.csproj", "{E1634401-A24F-44D3-ACE7-AA6E3CE408BA}"
EndProject
Project("{FAE04EC0-301F-11D3-BF4B-00C04F79EFBC}") = "EnterpriseAssistant.Identity.DataAccess", "src\identity\EnterpriseAssistant.Identity.DataAccess\EnterpriseAssistant.Identity.DataAccess.csproj", "{814359D9-43D5-4C4A-A063-BC81348FF3F1}"
EndProject
Project("{FAE04EC0-301F-11D3-BF4B-00C04F79EFBC}") = "ProjectService.API", "src\project-service\ProjectService.API\ProjectService.API.csproj", "{971F77BF-0863-40EB-8B15-9B11D9FC624A}"
EndProject
Project("{FAE04EC0-301F-11D3-BF4B-00C04F79EFBC}") = "ProjectService.Contract", "src\project-service\ProjectService.Contract\ProjectService.Contract.csproj", "{7DC6AD84-7503-4379-94F2-C0D0BD2912B3}"
EndProject
Project("{FAE04EC0-301F-11D3-BF4B-00C04F79EFBC}") = "TaskTrackingService.API", "src\task-tracking-service\TaskTrackingService.API\TaskTrackingService.API.csproj", "{3FC9A63B-320F-47A2-B695-E72E49DAFA93}"
EndProject
Project("{FAE04EC0-301F-11D3-BF4B-00C04F79EFBC}") = "TaskTrackingService.Contract", "src\task-tracking-service\TaskTrackingService.Contract\TaskTrackingService.Contract.csproj", "{68DC3895-3D57-4037-A8E2-84432478775F}"
EndProject
Project("{FAE04EC0-301F-11D3-BF4B-00C04F79EFBC}") = "UserService.API", "src\user-service\UserService.API\UserService.API.csproj", "{301D5AD3-50C3-4B93-9672-6F42D4DE9A1D}"
EndProject
Project("{FAE04EC0-301F-11D3-BF4B-00C04F79EFBC}") = "UserService.Contract", "src\user-service\UserService.Contract\UserService.Contract.csproj", "{77D46806-1D1C-4CCE-97B9-36E411ADCE17}"
EndProject
Global
	GlobalSection(SolutionConfigurationPlatforms) = preSolution
		Debug|Any CPU = Debug|Any CPU
		Release|Any CPU = Release|Any CPU
	EndGlobalSection
	GlobalSection(ProjectConfigurationPlatforms) = postSolution
		{5570A8A2-BBB1-42A5-8A04-C5B198B04B09}.Debug|Any CPU.ActiveCfg = Debug|Any CPU
		{5570A8A2-BBB1-42A5-8A04-C5B198B04B09}.Debug|Any CPU.Build.0 = Debug|Any CPU
		{5570A8A2-BBB1-42A5-8A04-C5B198B04B09}.Release|Any CPU.ActiveCfg = Release|Any CPU
		{5570A8A2-BBB1-42A5-8A04-C5B198B04B09}.Release|Any CPU.Build.0 = Release|Any CPU
		{932C59AE-4B94-4C3A-B51E-12C2817C3F13}.Debug|Any CPU.ActiveCfg = Debug|Any CPU
		{932C59AE-4B94-4C3A-B51E-12C2817C3F13}.Debug|Any CPU.Build.0 = Debug|Any CPU
		{932C59AE-4B94-4C3A-B51E-12C2817C3F13}.Release|Any CPU.ActiveCfg = Release|Any CPU
		{932C59AE-4B94-4C3A-B51E-12C2817C3F13}.Release|Any CPU.Build.0 = Release|Any CPU
		{3243A77F-2C36-4A7B-8E56-E90934B0EB55}.Debug|Any CPU.ActiveCfg = Debug|Any CPU
		{3243A77F-2C36-4A7B-8E56-E90934B0EB55}.Debug|Any CPU.Build.0 = Debug|Any CPU
		{3243A77F-2C36-4A7B-8E56-E90934B0EB55}.Release|Any CPU.ActiveCfg = Release|Any CPU
		{3243A77F-2C36-4A7B-8E56-E90934B0EB55}.Release|Any CPU.Build.0 = Release|Any CPU
		{2293F0D9-1270-4694-AC57-4408A798DC8F}.Debug|Any CPU.ActiveCfg = Debug|Any CPU
		{2293F0D9-1270-4694-AC57-4408A798DC8F}.Debug|Any CPU.Build.0 = Debug|Any CPU
		{2293F0D9-1270-4694-AC57-4408A798DC8F}.Release|Any CPU.ActiveCfg = Release|Any CPU
		{2293F0D9-1270-4694-AC57-4408A798DC8F}.Release|Any CPU.Build.0 = Release|Any CPU
		{4536B21E-C84D-47BB-87B2-0804FB013D14}.Debug|Any CPU.ActiveCfg = Debug|Any CPU
		{4536B21E-C84D-47BB-87B2-0804FB013D14}.Debug|Any CPU.Build.0 = Debug|Any CPU
		{4536B21E-C84D-47BB-87B2-0804FB013D14}.Release|Any CPU.ActiveCfg = Release|Any CPU
		{4536B21E-C84D-47BB-87B2-0804FB013D14}.Release|Any CPU.Build.0 = Release|Any CPU
		{A45EDD53-45D0-4350-B208-F043D26B5A83}.Debug|Any CPU.ActiveCfg = Debug|Any CPU
		{A45EDD53-45D0-4350-B208-F043D26B5A83}.Debug|Any CPU.Build.0 = Debug|Any CPU
		{A45EDD53-45D0-4350-B208-F043D26B5A83}.Release|Any CPU.ActiveCfg = Release|Any CPU
		{A45EDD53-45D0-4350-B208-F043D26B5A83}.Release|Any CPU.Build.0 = Release|Any CPU
		{04B94B42-AE80-4273-BED9-43D871D647B7}.Debug|Any CPU.ActiveCfg = Debug|Any CPU
		{04B94B42-AE80-4273-BED9-43D871D647B7}.Debug|Any CPU.Build.0 = Debug|Any CPU
		{04B94B42-AE80-4273-BED9-43D871D647B7}.Release|Any CPU.ActiveCfg = Release|Any CPU
		{04B94B42-AE80-4273-BED9-43D871D647B7}.Release|Any CPU.Build.0 = Release|Any CPU
		{E1634401-A24F-44D3-ACE7-AA6E3CE408BA}.Debug|Any CPU.ActiveCfg = Debug|Any CPU
		{E1634401-A24F-44D3-ACE7-AA6E3CE408BA}.Debug|Any CPU.Build.0 = Debug|Any CPU
		{E1634401-A24F-44D3-ACE7-AA6E3CE408BA}.Release|Any CPU.ActiveCfg = Release|Any CPU
		{E1634401-A24F-44D3-ACE7-AA6E3CE408BA}.Release|Any CPU.Build.0 = Release|Any CPU
		{814359D9-43D5-4C4A-A063-BC81348FF3F1}.Debug|Any CPU.ActiveCfg = Debug|Any CPU
		{814359D9-43D5-4C4A-A063-BC81348FF3F1}.Debug|Any CPU.Build.0 = Debug|Any CPU
		{814359D9-43D5-4C4A-A063-BC81348FF3F1}.Release|Any CPU.ActiveCfg = Release|Any CPU
		{814359D9-43D5-4C4A-A063-BC81348FF3F1}.Release|Any CPU.Build.0 = Release|Any CPU
		{971F77BF-0863-40EB-8B15-9B11D9FC624A}.Debug|Any CPU.ActiveCfg = Debug|Any CPU
		{971F77BF-0863-40EB-8B15-9B11D9FC624A}.Debug|Any CPU.Build.0 = Debug|Any CPU
		{971F77BF-0863-40EB-8B15-9B11D9FC624A}.Release|Any CPU.ActiveCfg = Release|Any CPU
		{971F77BF-0863-40EB-8B15-9B11D9FC624A}.Release|Any CPU.Build.0 = Release|Any CPU
		{7DC6AD84-7503-4379-94F2-C0D0BD2912B3}.Debug|Any CPU.ActiveCfg = Debug|Any CPU
		{7DC6AD84-7503-4379-94F2-C0D0BD2912B3}.Debug|Any CPU.Build.0 = Debug|Any CPU
		{7DC6AD84-7503-4379-94F2-C0D0BD2912B3}.Release|Any CPU.ActiveCfg = Release|Any CPU
		{7DC6AD84-7503-4379-94F2-C0D0BD2912B3}.Release|Any CPU.Build.0 = Release|Any CPU
		{3FC9A63B-320F-47A2-B695-E72E49DAFA93}.Debug|Any CPU.ActiveCfg = Debug|Any CPU
		{3FC9A63B-320F-47A2-B695-E72E49DAFA93}.Debug|Any CPU.Build.0 = Debug|Any CPU
		{3FC9A63B-320F-47A2-B695-E72E49DAFA93}.Release|Any CPU.ActiveCfg = Release|Any CPU
		{3FC9A63B-320F-47A2-B695-E72E49DAFA93}.Release|Any CPU.Build.0 = Release|Any CPU
		{68DC3895-3D57-4037-A8E2-84432478775F}.Debug|Any CPU.ActiveCfg = Debug|Any CPU
		{68DC3895-3D57-4037-A8E2-84432478775F}.Debug|Any CPU.Build.0 = Debug|Any CPU
		{68DC3895-3D57-4037-A8E2-84432478775F}.Release|Any CPU.ActiveCfg = Release|Any CPU
		{68DC3895-3D57-4037-A8E2-84432478775F}.Release|Any CPU.Build.0 = Release|Any CPU
		{301D5AD3-50C3-4B93-9672-6F42D4DE9A1D}.Debug|Any CPU.ActiveCfg = Debug|Any CPU
		{301D5AD3-50C3-4B93-9672-6F42D4DE9A1D}.Debug|Any CPU.Build.0 = Debug|Any CPU
		{301D5AD3-50C3-4B93-9672-6F42D4DE9A1D}.Release|Any CPU.ActiveCfg = Release|Any CPU
		{301D5AD3-50C3-4B93-9672-6F42D4DE9A1D}.Release|Any CPU.Build.0 = Release|Any CPU
		{77D46806-1D1C-4CCE-97B9-36E411ADCE17}.Debug|Any CPU.ActiveCfg = Debug|Any CPU
		{77D46806-1D1C-4CCE-97B9-36E411ADCE17}.Debug|Any CPU.Build.0 = Debug|Any CPU
		{77D46806-1D1C-4CCE-97B9-36E411ADCE17}.Release|Any CPU.ActiveCfg = Release|Any CPU
		{77D46806-1D1C-4CCE-97B9-36E411ADCE17}.Release|Any CPU.Build.0 = Release|Any CPU
	EndGlobalSection
	GlobalSection(NestedProjects) = preSolution
		{B1D2BB8D-0700-4D8B-80DF-713EFD34ED9C} = {1B0E506B-5C5D-4543-844B-29567704E24B}
		{9C050990-9F35-40F4-B964-2DB157344C63} = {1B0E506B-5C5D-4543-844B-29567704E24B}
		{CEF5C24D-870D-49E0-8C01-E6B81ACA5FEC} = {1B0E506B-5C5D-4543-844B-29567704E24B}
		{F096DD0D-E699-489A-947E-726DD3F37CC0} = {1B0E506B-5C5D-4543-844B-29567704E24B}
		{81818BF6-673E-4EB3-B817-130ECE540078} = {1B0E506B-5C5D-4543-844B-29567704E24B}
		{EA41436F-9A1E-4910-A0F3-4261A1B466E0} = {1B0E506B-5C5D-4543-844B-29567704E24B}
		{2293F0D9-1270-4694-AC57-4408A798DC8F} = {CEF5C24D-870D-49E0-8C01-E6B81ACA5FEC}
		{4536B21E-C84D-47BB-87B2-0804FB013D14} = {CEF5C24D-870D-49E0-8C01-E6B81ACA5FEC}
		{A45EDD53-45D0-4350-B208-F043D26B5A83} = {9C050990-9F35-40F4-B964-2DB157344C63}
		{04B94B42-AE80-4273-BED9-43D871D647B7} = {9C050990-9F35-40F4-B964-2DB157344C63}
		{E1634401-A24F-44D3-ACE7-AA6E3CE408BA} = {B1D2BB8D-0700-4D8B-80DF-713EFD34ED9C}
		{814359D9-43D5-4C4A-A063-BC81348FF3F1} = {B1D2BB8D-0700-4D8B-80DF-713EFD34ED9C}
		{971F77BF-0863-40EB-8B15-9B11D9FC624A} = {F096DD0D-E699-489A-947E-726DD3F37CC0}
		{7DC6AD84-7503-4379-94F2-C0D0BD2912B3} = {F096DD0D-E699-489A-947E-726DD3F37CC0}
		{3FC9A63B-320F-47A2-B695-E72E49DAFA93} = {81818BF6-673E-4EB3-B817-130ECE540078}
		{68DC3895-3D57-4037-A8E2-84432478775F} = {81818BF6-673E-4EB3-B817-130ECE540078}
		{301D5AD3-50C3-4B93-9672-6F42D4DE9A1D} = {EA41436F-9A1E-4910-A0F3-4261A1B466E0}
		{77D46806-1D1C-4CCE-97B9-36E411ADCE17} = {EA41436F-9A1E-4910-A0F3-4261A1B466E0}
		{5570A8A2-BBB1-42A5-8A04-C5B198B04B09} = {1B0E506B-5C5D-4543-844B-29567704E24B}
		{932C59AE-4B94-4C3A-B51E-12C2817C3F13} = {1B0E506B-5C5D-4543-844B-29567704E24B}
		{3243A77F-2C36-4A7B-8E56-E90934B0EB55} = {1B0E506B-5C5D-4543-844B-29567704E24B}
	EndGlobalSection
EndGlobal
