
Microsoft Visual Studio Solution File, Format Version 12.00
Project("{FAE04EC0-301F-11D3-BF4B-00C04F79EFBC}") = "EnterpriseAssistant.API", "EnterpriseAssistant.API\EnterpriseAssistant.API.csproj", "{9A9BF109-14A6-4B06-B4EB-B44AE6192404}"
EndProject
Project("{2150E333-8FDC-42A3-9474-1A3956D46DE8}") = "Config", "Config", "{6947C409-39CD-4216-A157-C822815E3868}"
ProjectSection(SolutionItems) = preProject
	.gitignore = .gitignore
EndProjectSection
EndProject
Global
	GlobalSection(SolutionConfigurationPlatforms) = preSolution
		Debug|Any CPU = Debug|Any CPU
		Release|Any CPU = Release|Any CPU
	EndGlobalSection
	GlobalSection(ProjectConfigurationPlatforms) = postSolution
		{9A9BF109-14A6-4B06-B4EB-B44AE6192404}.Debug|Any CPU.ActiveCfg = Debug|Any CPU
		{9A9BF109-14A6-4B06-B4EB-B44AE6192404}.Debug|Any CPU.Build.0 = Debug|Any CPU
		{9A9BF109-14A6-4B06-B4EB-B44AE6192404}.Release|Any CPU.ActiveCfg = Release|Any CPU
		{9A9BF109-14A6-4B06-B4EB-B44AE6192404}.Release|Any CPU.Build.0 = Release|Any CPU
	EndGlobalSection
EndGlobal
